Microsoft Visual Studio Solution File, Format Version 12.00
# Visual Studio Version 17
VisualStudioVersion = 17.5.2.0
MinimumVisualStudioVersion = 10.0.40219.1
Project("{FAE04EC0-301F-11D3-BF4B-00C04F79EFBC}") = "WeddingInvitationApi", "WeddingInvitationApi.csproj", "{4219636D-7EB0-569B-B56E-C27F858553CD}"
EndProject
Global
	GlobalSection(SolutionConfigurationPlatforms) = preSolution
		Debug|Any CPU = Debug|Any CPU
		Release|Any CPU = Release|Any CPU
	EndGlobalSection
	GlobalSection(ProjectConfigurationPlatforms) = postSolution
		{4219636D-7EB0-569B-B56E-C27F858553CD}.Debug|Any CPU.ActiveCfg = Debug|Any CPU
		{4219636D-7EB0-569B-B56E-C27F858553CD}.Debug|Any CPU.Build.0 = Debug|Any CPU
		{4219636D-7EB0-569B-B56E-C27F858553CD}.Release|Any CPU.ActiveCfg = Release|Any CPU
		{4219636D-7EB0-569B-B56E-C27F858553CD}.Release|Any CPU.Build.0 = Release|Any CPU
	EndGlobalSection
	GlobalSection(SolutionProperties) = preSolution
		HideSolutionNode = FALSE
	EndGlobalSection
	GlobalSection(ExtensibilityGlobals) = postSolution
		SolutionGuid = {1F4C708B-23EB-4EB8-A7E7-51E9514C99C8}
	EndGlobalSection
EndGlobal
